// !$*UTF8*$!
{
	archiveVersion = 1;
	classes = {
	};
	objectVersion = 55;
	objects = {

/* Begin PBXBuildFile section */
		01EAA98A292BA0E8002478EE /* AppDelegate.swift in Sources */ = {isa = PBXBuildFile; fileRef = 01EAA989292BA0E8002478EE /* AppDelegate.swift */; };
		01EAA98C292BA0E8002478EE /* SceneDelegate.swift in Sources */ = {isa = PBXBuildFile; fileRef = 01EAA98B292BA0E8002478EE /* SceneDelegate.swift */; };
		01EAA98E292BA0E8002478EE /* ViewController.swift in Sources */ = {isa = PBXBuildFile; fileRef = 01EAA98D292BA0E8002478EE /* ViewController.swift */; };
		01EAA991292BA0E8002478EE /* Main.storyboard in Resources */ = {isa = PBXBuildFile; fileRef = 01EAA98F292BA0E8002478EE /* Main.storyboard */; };
		01EAA993292BA0EA002478EE /* Assets.xcassets in Resources */ = {isa = PBXBuildFile; fileRef = 01EAA992292BA0EA002478EE /* Assets.xcassets */; };
		01EAA996292BA0EA002478EE /* LaunchScreen.storyboard in Resources */ = {isa = PBXBuildFile; fileRef = 01EAA994292BA0EA002478EE /* LaunchScreen.storyboard */; };
		01EAA99E292BA17C002478EE /* CustomSegmentControl.swift in Sources */ = {isa = PBXBuildFile; fileRef = 01EAA99D292BA17C002478EE /* CustomSegmentControl.swift */; };
/* End PBXBuildFile section */

/* Begin PBXFileReference section */
		01EAA986292BA0E8002478EE /* CustomSegmentControl.app */ = {isa = PBXFileReference; explicitFileType = wrapper.application; includeInIndex = 0; path = CustomSegmentControl.app; sourceTree = BUILT_PRODUCTS_DIR; };
		01EAA989292BA0E8002478EE /* AppDelegate.swift */ = {isa = PBXFileReference; lastKnownFileType = sourcecode.swift; path = AppDelegate.swift; sourceTree = "<group>"; };
		01EAA98B292BA0E8002478EE /* SceneDelegate.swift */ = {isa = PBXFileReference; lastKnownFileType = sourcecode.swift; path = SceneDelegate.swift; sourceTree = "<group>"; };
		01EAA98D292BA0E8002478EE /* ViewController.swift */ = {isa = PBXFileReference; lastKnownFileType = sourcecode.swift; path = ViewController.swift; sourceTree = "<group>"; };
		01EAA990292BA0E8002478EE /* Base */ = {isa = PBXFileReference; lastKnownFileType = file.storyboard; name = Base; path = Base.lproj/Main.storyboard; sourceTree = "<group>"; };
		01EAA992292BA0EA002478EE /* Assets.xcassets */ = {isa = PBXFileReference; lastKnownFileType = folder.assetcatalog; path = Assets.xcassets; sourceTree = "<group>"; };
		01EAA995292BA0EA002478EE /* Base */ = {isa = PBXFileReference; lastKnownFileType = file.storyboard; name = Base; path = Base.lproj/LaunchScreen.storyboard; sourceTree = "<group>"; };
		01EAA997292BA0EA002478EE /* Info.plist */ = {isa = PBXFileReference; lastKnownFileType = text.plist.xml; path = Info.plist; sourceTree = "<group>"; };
		01EAA99D292BA17C002478EE /* CustomSegmentControl.swift */ = {isa = PBXFileReference; lastKnownFileType = sourcecode.swift; path = CustomSegmentControl.swift; sourceTree = "<group>"; };
/* End PBXFileReference section */

/* Begin PBXFrameworksBuildPhase section */
		01EAA983292BA0E8002478EE /* Frameworks */ = {
			isa = PBXFrameworksBuildPhase;
			buildActionMask = 2147483647;
			files = (
			);
			runOnlyForDeploymentPostprocessing = 0;
		};
/* End PBXFrameworksBuildPhase section */

/* Begin PBXGroup section */
		01EAA97D292BA0E8002478EE = {
			isa = PBXGroup;
			children = (
				01EAA988292BA0E8002478EE /* CustomSegmentControl */,
				01EAA987292BA0E8002478EE /* Products */,
			);
			sourceTree = "<group>";
		};
		01EAA987292BA0E8002478EE /* Products */ = {
			isa = PBXGroup;
			children = (
				01EAA986292BA0E8002478EE /* CustomSegmentControl.app */,
			);
			name = Products;
			sourceTree = "<group>";
		};
		01EAA988292BA0E8002478EE /* CustomSegmentControl */ = {
			isa = PBXGroup;
			children = (
				01EAA989292BA0E8002478EE /* AppDelegate.swift */,
				01EAA98B292BA0E8002478EE /* SceneDelegate.swift */,
				01EAA98D292BA0E8002478EE /* ViewController.swift */,
				01EAA99D292BA17C002478EE /* CustomSegmentControl.swift */,
				01EAA98F292BA0E8002478EE /* Main.storyboard */,
				01EAA992292BA0EA002478EE /* Assets.xcassets */,
				01EAA994292BA0EA002478EE /* LaunchScreen.storyboard */,
				01EAA997292BA0EA002478EE /* Info.plist */,
			);
			path = CustomSegmentControl;
			sourceTree = "<group>";
		};
/* End PBXGroup section */

/* Begin PBXNativeTarget section */
		01EAA985292BA0E8002478EE /* CustomSegmentControl */ = {
			isa = PBXNativeTarget;
			buildConfigurationList = 01EAA99A292BA0EA002478EE /* Build configuration list for PBXNativeTarget "CustomSegmentControl" */;
			buildPhases = (
				01EAA982292BA0E8002478EE /* Sources */,
				01EAA983292BA0E8002478EE /* Frameworks */,
				01EAA984292BA0E8002478EE /* Resources */,
			);
			buildRules = (
			);
			dependencies = (
			);
			name = CustomSegmentControl;
			productName = CustomSegmentControl;
			productReference = 01EAA986292BA0E8002478EE /* CustomSegmentControl.app */;
			productType = "com.apple.product-type.application";
		};
/* End PBXNativeTarget section */

/* Begin PBXProject section */
		01EAA97E292BA0E8002478EE /* Project object */ = {
			isa = PBXProject;
			attributes = {
				BuildIndependentTargetsInParallel = 1;
				LastSwiftUpdateCheck = 1300;
				LastUpgradeCheck = 1300;
				TargetAttributes = {
					01EAA985292BA0E8002478EE = {
						CreatedOnToolsVersion = 13.0;
					};
				};
			};
			buildConfigurationList = 01EAA981292BA0E8002478EE /* Build configuration list for PBXProject "CustomSegmentControl" */;
			compatibilityVersion = "Xcode 13.0";
			developmentRegion = en;
			hasScannedForEncodings = 0;
			knownRegions = (
				en,
				Base,
			);
			mainGroup = 01EAA97D292BA0E8002478EE;
			productRefGroup = 01EAA987292BA0E8002478EE /* Products */;
			projectDirPath = "";
			projectRoot = "";
			targets = (
				01EAA985292BA0E8002478EE /* CustomSegmentControl */,
			);
		};
/* End PBXProject section */

/* Begin PBXResourcesBuildPhase section */
		01EAA984292BA0E8002478EE /* Resources */ = {
			isa = PBXResourcesBuildPhase;
			buildActionMask = 2147483647;
			files = (
				01EAA996292BA0EA002478EE /* LaunchScreen.storyboard in Resources */,
				01EAA993292BA0EA002478EE /* Assets.xcassets in Resources */,
				01EAA991292BA0E8002478EE /* Main.storyboard in Resources */,
			);
			runOnlyForDeploymentPostprocessing = 0;
		};
/* End PBXResourcesBuildPhase section */

/* Begin PBXSourcesBuildPhase section */
		01EAA982292BA0E8002478EE /* Sources */ = {
			isa = PBXSourcesBuildPhase;
			buildActionMask = 2147483647;
			files = (
				01EAA99E292BA17C002478EE /* CustomSegmentControl.swift in Sources */,
				01EAA98E292BA0E8002478EE /* ViewController.swift in Sources */,
				01EAA98A292BA0E8002478EE /* AppDelegate.swift in Sources */,
				01EAA98C292BA0E8002478EE /* SceneDelegate.swift in Sources */,
			);
			runOnlyForDeploymentPostprocessing = 0;
		};
/* End PBXSourcesBuildPhase section */

/* Begin PBXVariantGroup section */
		01EAA98F292BA0E8002478EE /* Main.storyboard */ = {
			isa = PBXVariantGroup;
			children = (
				01EAA990292BA0E8002478EE /* Base */,
			);
			name = Main.storyboard;
			sourceTree = "<group>";
		};
		01EAA994292BA0EA002478EE /* LaunchScreen.storyboard */ = {
			isa = PBXVariantGroup;
			children = (
				01EAA995292BA0EA002478EE /* Base */,
			);
			name = LaunchScreen.storyboard;
			sourceTree = "<group>";
		};
/* End PBXVariantGroup section */

/* Begin XCBuildConfiguration section */
		01EAA998292BA0EA002478EE /* Debug */ = {
			isa = XCBuildConfiguration;
			buildSettings = {
				ALWAYS_SEARCH_USER_PATHS = NO;
				CLANG_ANALYZER_NONNULL = YES;
				CLANG_ANALYZER_NUMBER_OBJECT_CONVERSION = YES_AGGRESSIVE;
				CLANG_CXX_LANGUAGE_STANDARD = "gnu++17";
				CLANG_CXX_LIBRARY = "libc++";
				CLANG_ENABLE_MODULES = YES;
				CLANG_ENABLE_OBJC_ARC = YES;
				CLANG_ENABLE_OBJC_WEAK = YES;
				CLANG_WARN_BLOCK_CAPTURE_AUTORELEASING = YES;
				CLANG_WARN_BOOL_CONVERSION = YES;
				CLANG_WARN_COMMA = YES;
				CLANG_WARN_CONSTANT_CONVERSION = YES;
				CLANG_WARN_DEPRECATED_OBJC_IMPLEMENTATIONS = YES;
				CLANG_WARN_DIRECT_OBJC_ISA_USAGE = YES_ERROR;
				CLANG_WARN_DOCUMENTATION_COMMENTS = YES;
				CLANG_WARN_EMPTY_BODY = YES;
				CLANG_WARN_ENUM_CONVERSION = YES;
				CLANG_WARN_INFINITE_RECURSION = YES;
				CLANG_WARN_INT_CONVERSION = YES;
				CLANG_WARN_NON_LITERAL_NULL_CONVERSION = YES;
				CLANG_WARN_OBJC_IMPLICIT_RETAIN_SELF = YES;
				CLANG_WARN_OBJC_LITERAL_CONVERSION = YES;
				CLANG_WARN_OBJC_ROOT_CLASS = YES_ERROR;
				CLANG_WARN_QUOTED_INCLUDE_IN_FRAMEWORK_HEADER = YES;
				CLANG_WARN_RANGE_LOOP_ANALYSIS = YES;
				CLANG_WARN_STRICT_PROTOTYPES = YES;
				CLANG_WARN_SUSPICIOUS_MOVE = YES;
				CLANG_WARN_UNGUARDED_AVAILABILITY = YES_AGGRESSIVE;
				CLANG_WARN_UNREACHABLE_CODE = YES;
				CLANG_WARN__DUPLICATE_METHOD_MATCH = YES;
				COPY_PHASE_STRIP = NO;
				DEBUG_INFORMATION_FORMAT = dwarf;
				ENABLE_STRICT_OBJC_MSGSEND = YES;
				ENABLE_TESTABILITY = YES;
				GCC_C_LANGUAGE_STANDARD = gnu11;
				GCC_DYNAMIC_NO_PIC = NO;
				GCC_NO_COMMON_BLOCKS = YES;
				GCC_OPTIMIZATION_LEVEL = 0;
				GCC_PREPROCESSOR_DEFINITIONS = (
					"DEBUG=1",
					"$(inherited)",
				);
				GCC_WARN_64_TO_32_BIT_CONVERSION = YES;
				GCC_WARN_ABOUT_RETURN_TYPE = YES_ERROR;
				GCC_WARN_UNDECLARED_SELECTOR = YES;
				GCC_WARN_UNINITIALIZED_AUTOS = YES_AGGRESSIVE;
				GCC_WARN_UNUSED_FUNCTION = YES;
				GCC_WARN_UNUSED_VARIABLE = YES;
				IPHONEOS_DEPLOYMENT_TARGET = 15.0;
				MTL_ENABLE_DEBUG_INFO = INCLUDE_SOURCE;
				MTL_FAST_MATH = YES;
				ONLY_ACTIVE_ARCH = YES;
				SDKROOT = iphoneos;
				SWIFT_ACTIVE_COMPILATION_CONDITIONS = DEBUG;
				SWIFT_OPTIMIZATION_LEVEL = "-Onone";
			};
			name = Debug;
		};
		01EAA999292BA0EA002478EE /* Release */ = {
			isa = XCBuildConfiguration;
			buildSettings = {
				ALWAYS_SEARCH_USER_PATHS = NO;
				CLANG_ANALYZER_NONNULL = YES;
				CLANG_ANALYZER_NUMBER_OBJECT_CONVERSION = YES_AGGRESSIVE;
				CLANG_CXX_LANGUAGE_STANDARD = "gnu++17";
				CLANG_CXX_LIBRARY = "libc++";
				CLANG_ENABLE_MODULES = YES;
				CLANG_ENABLE_OBJC_ARC = YES;
				CLANG_ENABLE_OBJC_WEAK = YES;
				CLANG_WARN_BLOCK_CAPTURE_AUTORELEASING = YES;
				CLANG_WARN_BOOL_CONVERSION = YES;
				CLANG_WARN_COMMA = YES;
				CLANG_WARN_CONSTANT_CONVERSION = YES;
				CLANG_WARN_DEPRECATED_OBJC_IMPLEMENTATIONS = YES;
				CLANG_WARN_DIRECT_OBJC_ISA_USAGE = YES_ERROR;
				CLANG_WARN_DOCUMENTATION_COMMENTS = YES;
				CLANG_WARN_EMPTY_BODY = YES;
				CLANG_WARN_ENUM_CONVERSION = YES;
				CLANG_WARN_INFINITE_RECURSION = YES;
				CLANG_WARN_INT_CONVERSION = YES;
				CLANG_WARN_NON_LITERAL_NULL_CONVERSION = YES;
				CLANG_WARN_OBJC_IMPLICIT_RETAIN_SELF = YES;
				CLANG_WARN_OBJC_LITERAL_CONVERSION = YES;
				CLANG_WARN_OBJC_ROOT_CLASS = YES_ERROR;
				CLANG_WARN_QUOTED_INCLUDE_IN_FRAMEWORK_HEADER = YES;
				CLANG_WARN_RANGE_LOOP_ANALYSIS = YES;
				CLANG_WARN_STRICT_PROTOTYPES = YES;
				CLANG_WARN_SUSPICIOUS_MOVE = YES;
				CLANG_WARN_UNGUARDED_AVAILABILITY = YES_AGGRESSIVE;
				CLANG_WARN_UNREACHABLE_CODE = YES;
				CLANG_WARN__DUPLICATE_METHOD_MATCH = YES;
				COPY_PHASE_STRIP = NO;
				DEBUG_INFORMATION_FORMAT = "dwarf-with-dsym";
				ENABLE_NS_ASSERTIONS = NO;
				ENABLE_STRICT_OBJC_MSGSEND = YES;
				GCC_C_LANGUAGE_STANDARD = gnu11;
				GCC_NO_COMMON_BLOCKS = YES;
				GCC_WARN_64_TO_32_BIT_CONVERSION = YES;
				GCC_WARN_ABOUT_RETURN_TYPE = YES_ERROR;
				GCC_WARN_UNDECLARED_SELECTOR = YES;
				GCC_WARN_UNINITIALIZED_AUTOS = YES_AGGRESSIVE;
				GCC_WARN_UNUSED_FUNCTION = YES;
				GCC_WARN_UNUSED_VARIABLE = YES;
				IPHONEOS_DEPLOYMENT_TARGET = 15.0;
				MTL_ENABLE_DEBUG_INFO = NO;
				MTL_FAST_MATH = YES;
				SDKROOT = iphoneos;
				SWIFT_COMPILATION_MODE = wholemodule;
				SWIFT_OPTIMIZATION_LEVEL = "-O";
				VALIDATE_PRODUCT = YES;
			};
			name = Release;
		};
		01EAA99B292BA0EA002478EE /* Debug */ = {
			isa = XCBuildConfiguration;
			buildSettings = {
				ASSETCATALOG_COMPILER_APPICON_NAME = AppIcon;
				ASSETCATALOG_COMPILER_GLOBAL_ACCENT_COLOR_NAME = AccentColor;
				CODE_SIGN_STYLE = Automatic;
				CURRENT_PROJECT_VERSION = 1;
				DEVELOPMENT_TEAM = R7KL845XH9;
				GENERATE_INFOPLIST_FILE = YES;
				INFOPLIST_FILE = CustomSegmentControl/Info.plist;
				INFOPLIST_KEY_UIApplicationSupportsIndirectInputEvents = YES;
				INFOPLIST_KEY_UILaunchStoryboardName = LaunchScreen;
				INFOPLIST_KEY_UIMainStoryboardFile = Main;
				INFOPLIST_KEY_UISupportedInterfaceOrientations_iPad = "UIInterfaceOrientationPortrait UIInterfaceOrientationPortraitUpsideDown UIInterfaceOrientationLandscapeLeft UIInterfaceOrientationLandscapeRight";
				INFOPLIST_KEY_UISupportedInterfaceOrientations_iPhone = "UIInterfaceOrientationPortrait UIInterfaceOrientationLandscapeLeft UIInterfaceOrientationLandscapeRight";
				LD_RUNPATH_SEARCH_PATHS = (
					"$(inherited)",
					"@executable_path/Frameworks",
				);
				MARKETING_VERSION = 1.0;
				PRODUCT_BUNDLE_IDENTIFIER = com.khater.CustomSegmentControl;
				PRODUCT_NAME = "$(TARGET_NAME)";
				SWIFT_EMIT_LOC_STRINGS = YES;
				SWIFT_VERSION = 5.0;
				TARGETED_DEVICE_FAMILY = "1,2";
			};
			name = Debug;
		};
		01EAA99C292BA0EA002478EE /* Release */ = {
			isa = XCBuildConfiguration;
			buildSettings = {
				ASSETCATALOG_COMPILER_APPICON_NAME = AppIcon;
				ASSETCATALOG_COMPILER_GLOBAL_ACCENT_COLOR_NAME = AccentColor;
				CODE_SIGN_STYLE = Automatic;
				CURRENT_PROJECT_VERSION = 1;
				DEVELOPMENT_TEAM = R7KL845XH9;
				GENERATE_INFOPLIST_FILE = YES;
				INFOPLIST_FILE = CustomSegmentControl/Info.plist;
				INFOPLIST_KEY_UIApplicationSupportsIndirectInputEvents = YES;
				INFOPLIST_KEY_UILaunchStoryboardName = LaunchScreen;
				INFOPLIST_KEY_UIMainStoryboardFile = Main;
				INFOPLIST_KEY_UISupportedInterfaceOrientations_iPad = "UIInterfaceOrientationPortrait UIInterfaceOrientationPortraitUpsideDown UIInterfaceOrientationLandscapeLeft UIInterfaceOrientationLandscapeRight";
				INFOPLIST_KEY_UISupportedInterfaceOrientations_iPhone = "UIInterfaceOrientationPortrait UIInterfaceOrientationLandscapeLeft UIInterfaceOrientationLandscapeRight";
				LD_RUNPATH_SEARCH_PATHS = (
					"$(inherited)",
					"@executable_path/Frameworks",
				);
				MARKETING_VERSION = 1.0;
				PRODUCT_BUNDLE_IDENTIFIER = com.khater.CustomSegmentControl;
				PRODUCT_NAME = "$(TARGET_NAME)";
				SWIFT_EMIT_LOC_STRINGS = YES;
				SWIFT_VERSION = 5.0;
				TARGETED_DEVICE_FAMILY = "1,2";
			};
			name = Release;
		};
/* End XCBuildConfiguration section */

/* Begin XCConfigurationList section */
		01EAA981292BA0E8002478EE /* Build configuration list for PBXProject "CustomSegmentControl" */ = {
			isa = XCConfigurationList;
			buildConfigurations = (
				01EAA998292BA0EA002478EE /* Debug */,
				01EAA999292BA0EA002478EE /* Release */,
			);
			defaultConfigurationIsVisible = 0;
			defaultConfigurationName = Release;
		};
		01EAA99A292BA0EA002478EE /* Build configuration list for PBXNativeTarget "CustomSegmentControl" */ = {
			isa = XCConfigurationList;
			buildConfigurations = (
				01EAA99B292BA0EA002478EE /* Debug */,
				01EAA99C292BA0EA002478EE /* Release */,
			);
			defaultConfigurationIsVisible = 0;
			defaultConfigurationName = Release;
		};
/* End XCConfigurationList section */
	};
	rootObject = 01EAA97E292BA0E8002478EE /* Project object */;
}
